
Microsoft Visual Studio Solution File, Format Version 12.00
# Visual Studio Version 17
VisualStudioVersion = 17.8.34511.84
MinimumVisualStudioVersion = 10.0.40219.1
Project("{FAE04EC0-301F-11D3-BF4B-00C04F79EFBC}") = "LiveCameraSample", "LiveCameraSample\LiveCameraSample.csproj", "{5B40977E-E8FA-41BC-8F0A-6D6FDE237571}"
EndProject
Project("{FAE04EC0-301F-11D3-BF4B-00C04F79EFBC}") = "VideoFrameAnalyzer", "VideoFrameAnalyzer\VideoFrameAnalyzer.csproj", "{BEC7DA78-C953-4A72-924F-2749D1F9F18B}"
EndProject
Global
	GlobalSection(SolutionConfigurationPlatforms) = preSolution
		Debug|Any CPU = Debug|Any CPU
		Debug|ARM = Debug|ARM
		Debug|ARM64 = Debug|ARM64
		Debug|x64 = Debug|x64
		Debug|x86 = Debug|x86
		Release|Any CPU = Release|Any CPU
		Release|ARM = Release|ARM
		Release|ARM64 = Release|ARM64
		Release|x64 = Release|x64
		Release|x86 = Release|x86
	EndGlobalSection
	GlobalSection(ProjectConfigurationPlatforms) = postSolution
		{5B40977E-E8FA-41BC-8F0A-6D6FDE237571}.Debug|Any CPU.ActiveCfg = Debug|Any CPU
		{5B40977E-E8FA-41BC-8F0A-6D6FDE237571}.Debug|Any CPU.Build.0 = Debug|Any CPU
		{5B40977E-E8FA-41BC-8F0A-6D6FDE237571}.Debug|ARM.ActiveCfg = Debug|ARM
		{5B40977E-E8FA-41BC-8F0A-6D6FDE237571}.Debug|ARM.Build.0 = Debug|ARM
		{5B40977E-E8FA-41BC-8F0A-6D6FDE237571}.Debug|ARM64.ActiveCfg = Debug|ARM64
		{5B40977E-E8FA-41BC-8F0A-6D6FDE237571}.Debug|ARM64.Build.0 = Debug|ARM64
		{5B40977E-E8FA-41BC-8F0A-6D6FDE237571}.Debug|x64.ActiveCfg = Debug|x64
		{5B40977E-E8FA-41BC-8F0A-6D6FDE237571}.Debug|x64.Build.0 = Debug|x64
		{5B40977E-E8FA-41BC-8F0A-6D6FDE237571}.Debug|x86.ActiveCfg = Debug|x86
		{5B40977E-E8FA-41BC-8F0A-6D6FDE237571}.Debug|x86.Build.0 = Debug|x86
		{5B40977E-E8FA-41BC-8F0A-6D6FDE237571}.Release|Any CPU.ActiveCfg = Release|Any CPU
		{5B40977E-E8FA-41BC-8F0A-6D6FDE237571}.Release|Any CPU.Build.0 = Release|Any CPU
		{5B40977E-E8FA-41BC-8F0A-6D6FDE237571}.Release|ARM.ActiveCfg = Release|ARM
		{5B40977E-E8FA-41BC-8F0A-6D6FDE237571}.Release|ARM.Build.0 = Release|ARM
		{5B40977E-E8FA-41BC-8F0A-6D6FDE237571}.Release|ARM64.ActiveCfg = Release|ARM64
		{5B40977E-E8FA-41BC-8F0A-6D6FDE237571}.Release|ARM64.Build.0 = Release|ARM64
		{5B40977E-E8FA-41BC-8F0A-6D6FDE237571}.Release|x64.ActiveCfg = Release|x64
		{5B40977E-E8FA-41BC-8F0A-6D6FDE237571}.Release|x64.Build.0 = Release|x64
		{5B40977E-E8FA-41BC-8F0A-6D6FDE237571}.Release|x86.ActiveCfg = Release|x86
		{5B40977E-E8FA-41BC-8F0A-6D6FDE237571}.Release|x86.Build.0 = Release|x86
		{BEC7DA78-C953-4A72-924F-2749D1F9F18B}.Debug|Any CPU.ActiveCfg = Debug|Any CPU
		{BEC7DA78-C953-4A72-924F-2749D1F9F18B}.Debug|Any CPU.Build.0 = Debug|Any CPU
		{BEC7DA78-C953-4A72-924F-2749D1F9F18B}.Debug|ARM.ActiveCfg = Debug|ARM
		{BEC7DA78-C953-4A72-924F-2749D1F9F18B}.Debug|ARM.Build.0 = Debug|ARM
		{BEC7DA78-C953-4A72-924F-2749D1F9F18B}.Debug|ARM64.ActiveCfg = Debug|ARM64
		{BEC7DA78-C953-4A72-924F-2749D1F9F18B}.Debug|ARM64.Build.0 = Debug|ARM64
		{BEC7DA78-C953-4A72-924F-2749D1F9F18B}.Debug|x64.ActiveCfg = Debug|x64
		{BEC7DA78-C953-4A72-924F-2749D1F9F18B}.Debug|x64.Build.0 = Debug|x64
		{BEC7DA78-C953-4A72-924F-2749D1F9F18B}.Debug|x86.ActiveCfg = Debug|Win32
		{BEC7DA78-C953-4A72-924F-2749D1F9F18B}.Debug|x86.Build.0 = Debug|Win32
		{BEC7DA78-C953-4A72-924F-2749D1F9F18B}.Release|Any CPU.ActiveCfg = Release|Any CPU
		{BEC7DA78-C953-4A72-924F-2749D1F9F18B}.Release|Any CPU.Build.0 = Release|Any CPU
		{BEC7DA78-C953-4A72-924F-2749D1F9F18B}.Release|ARM.ActiveCfg = Release|ARM
		{BEC7DA78-C953-4A72-924F-2749D1F9F18B}.Release|ARM.Build.0 = Release|ARM
		{BEC7DA78-C953-4A72-924F-2749D1F9F18B}.Release|ARM64.ActiveCfg = Release|ARM64
		{BEC7DA78-C953-4A72-924F-2749D1F9F18B}.Release|ARM64.Build.0 = Release|ARM64
		{BEC7DA78-C953-4A72-924F-2749D1F9F18B}.Release|x64.ActiveCfg = Release|x64
		{BEC7DA78-C953-4A72-924F-2749D1F9F18B}.Release|x64.Build.0 = Release|x64
		{BEC7DA78-C953-4A72-924F-2749D1F9F18B}.Release|x86.ActiveCfg = Release|Win32
		{BEC7DA78-C953-4A72-924F-2749D1F9F18B}.Release|x86.Build.0 = Release|Win32
	EndGlobalSection
	GlobalSection(SolutionProperties) = preSolution
		HideSolutionNode = FALSE
	EndGlobalSection
	GlobalSection(ExtensibilityGlobals) = postSolution
		SolutionGuid = {02BED706-F29A-4849-BA30-56A4C31CEA56}
	EndGlobalSection
EndGlobal
